// !$*UTF8*$!
{
	archiveVersion = 1;
	classes = {
	};
	objectVersion = 56;
	objects = {

/* Begin PBXBuildFile section */
		926480A8285552B20022AC36 /* TalkieWalkieApp.swift in Sources */ = {isa = PBXBuildFile; fileRef = 926480A7285552B20022AC36 /* TalkieWalkieApp.swift */; };
		926480AA285552B20022AC36 /* ContentView.swift in Sources */ = {isa = PBXBuildFile; fileRef = 926480A9285552B20022AC36 /* ContentView.swift */; };
		926480AC285552B30022AC36 /* Assets.xcassets in Resources */ = {isa = PBXBuildFile; fileRef = 926480AB285552B30022AC36 /* Assets.xcassets */; };
		926480AF285552B30022AC36 /* Preview Assets.xcassets in Resources */ = {isa = PBXBuildFile; fileRef = 926480AE285552B30022AC36 /* Preview Assets.xcassets */; };
		926480BB285560980022AC36 /* ContactsView.swift in Sources */ = {isa = PBXBuildFile; fileRef = 926480BA285560980022AC36 /* ContactsView.swift */; };
		926480BD285560A50022AC36 /* GroupsView.swift in Sources */ = {isa = PBXBuildFile; fileRef = 926480BC285560A50022AC36 /* GroupsView.swift */; };
		926480BF285560AD0022AC36 /* SettingsView.swift in Sources */ = {isa = PBXBuildFile; fileRef = 926480BE285560AD0022AC36 /* SettingsView.swift */; };
		926480C1285566900022AC36 /* Contact.swift in Sources */ = {isa = PBXBuildFile; fileRef = 926480C0285566900022AC36 /* Contact.swift */; };
		926480C5285582150022AC36 /* MicrophoneButtonView.swift in Sources */ = {isa = PBXBuildFile; fileRef = 926480C4285582150022AC36 /* MicrophoneButtonView.swift */; };
		926480C7285587FA0022AC36 /* AddGroupView.swift in Sources */ = {isa = PBXBuildFile; fileRef = 926480C6285587FA0022AC36 /* AddGroupView.swift */; };
		926480C928559AB70022AC36 /* NameGroupView.swift in Sources */ = {isa = PBXBuildFile; fileRef = 926480C828559AB70022AC36 /* NameGroupView.swift */; };
/* End PBXBuildFile section */

/* Begin PBXFileReference section */
		926480A4285552B20022AC36 /* TalkieWalkie.app */ = {isa = PBXFileReference; explicitFileType = wrapper.application; includeInIndex = 0; path = TalkieWalkie.app; sourceTree = BUILT_PRODUCTS_DIR; };
		926480A7285552B20022AC36 /* TalkieWalkieApp.swift */ = {isa = PBXFileReference; lastKnownFileType = sourcecode.swift; path = TalkieWalkieApp.swift; sourceTree = "<group>"; };
		926480A9285552B20022AC36 /* ContentView.swift */ = {isa = PBXFileReference; lastKnownFileType = sourcecode.swift; path = ContentView.swift; sourceTree = "<group>"; };
		926480AB285552B30022AC36 /* Assets.xcassets */ = {isa = PBXFileReference; lastKnownFileType = folder.assetcatalog; path = Assets.xcassets; sourceTree = "<group>"; };
		926480AE285552B30022AC36 /* Preview Assets.xcassets */ = {isa = PBXFileReference; lastKnownFileType = folder.assetcatalog; path = "Preview Assets.xcassets"; sourceTree = "<group>"; };
		926480B8285554C10022AC36 /* Info.plist */ = {isa = PBXFileReference; lastKnownFileType = text.plist; path = Info.plist; sourceTree = "<group>"; };
		926480B9285558350022AC36 /* TalkieWalkie.entitlements */ = {isa = PBXFileReference; lastKnownFileType = text.plist.entitlements; path = TalkieWalkie.entitlements; sourceTree = "<group>"; };
		926480BA285560980022AC36 /* ContactsView.swift */ = {isa = PBXFileReference; lastKnownFileType = sourcecode.swift; path = ContactsView.swift; sourceTree = "<group>"; };
		926480BC285560A50022AC36 /* GroupsView.swift */ = {isa = PBXFileReference; lastKnownFileType = sourcecode.swift; path = GroupsView.swift; sourceTree = "<group>"; };
		926480BE285560AD0022AC36 /* SettingsView.swift */ = {isa = PBXFileReference; lastKnownFileType = sourcecode.swift; path = SettingsView.swift; sourceTree = "<group>"; };
		926480C0285566900022AC36 /* Contact.swift */ = {isa = PBXFileReference; lastKnownFileType = sourcecode.swift; path = Contact.swift; sourceTree = "<group>"; };
		926480C4285582150022AC36 /* MicrophoneButtonView.swift */ = {isa = PBXFileReference; lastKnownFileType = sourcecode.swift; path = MicrophoneButtonView.swift; sourceTree = "<group>"; };
		926480C6285587FA0022AC36 /* AddGroupView.swift */ = {isa = PBXFileReference; lastKnownFileType = sourcecode.swift; path = AddGroupView.swift; sourceTree = "<group>"; };
		926480C828559AB70022AC36 /* NameGroupView.swift */ = {isa = PBXFileReference; lastKnownFileType = sourcecode.swift; path = NameGroupView.swift; sourceTree = "<group>"; };
/* End PBXFileReference section */

/* Begin PBXFrameworksBuildPhase section */
		926480A1285552B20022AC36 /* Frameworks */ = {
			isa = PBXFrameworksBuildPhase;
			buildActionMask = 2147483647;
			files = (
			);
			runOnlyForDeploymentPostprocessing = 0;
		};
/* End PBXFrameworksBuildPhase section */

/* Begin PBXGroup section */
		9264809B285552B20022AC36 = {
			isa = PBXGroup;
			children = (
				926480A6285552B20022AC36 /* TalkieWalkie */,
				926480A5285552B20022AC36 /* Products */,
			);
			sourceTree = "<group>";
		};
		926480A5285552B20022AC36 /* Products */ = {
			isa = PBXGroup;
			children = (
				926480A4285552B20022AC36 /* TalkieWalkie.app */,
			);
			name = Products;
			sourceTree = "<group>";
		};
		926480A6285552B20022AC36 /* TalkieWalkie */ = {
			isa = PBXGroup;
			children = (
				926480B9285558350022AC36 /* TalkieWalkie.entitlements */,
				926480B8285554C10022AC36 /* Info.plist */,
				926480A7285552B20022AC36 /* TalkieWalkieApp.swift */,
				926480A9285552B20022AC36 /* ContentView.swift */,
				926480BA285560980022AC36 /* ContactsView.swift */,
				926480C4285582150022AC36 /* MicrophoneButtonView.swift */,
				926480BC285560A50022AC36 /* GroupsView.swift */,
				926480C6285587FA0022AC36 /* AddGroupView.swift */,
				926480C828559AB70022AC36 /* NameGroupView.swift */,
				926480BE285560AD0022AC36 /* SettingsView.swift */,
				926480C0285566900022AC36 /* Contact.swift */,
				926480AB285552B30022AC36 /* Assets.xcassets */,
				926480AD285552B30022AC36 /* Preview Content */,
			);
			path = TalkieWalkie;
			sourceTree = "<group>";
		};
		926480AD285552B30022AC36 /* Preview Content */ = {
			isa = PBXGroup;
			children = (
				926480AE285552B30022AC36 /* Preview Assets.xcassets */,
			);
			path = "Preview Content";
			sourceTree = "<group>";
		};
/* End PBXGroup section */

/* Begin PBXNativeTarget section */
		926480A3285552B20022AC36 /* TalkieWalkie */ = {
			isa = PBXNativeTarget;
			buildConfigurationList = 926480B2285552B30022AC36 /* Build configuration list for PBXNativeTarget "TalkieWalkie" */;
			buildPhases = (
				926480A0285552B20022AC36 /* Sources */,
				926480A1285552B20022AC36 /* Frameworks */,
				926480A2285552B20022AC36 /* Resources */,
			);
			buildRules = (
			);
			dependencies = (
			);
			name = TalkieWalkie;
			productName = TalkieWalkie;
			productReference = 926480A4285552B20022AC36 /* TalkieWalkie.app */;
			productType = "com.apple.product-type.application";
		};
/* End PBXNativeTarget section */

/* Begin PBXProject section */
		9264809C285552B20022AC36 /* Project object */ = {
			isa = PBXProject;
			attributes = {
				BuildIndependentTargetsInParallel = 1;
				LastSwiftUpdateCheck = 1400;
				LastUpgradeCheck = 1400;
				TargetAttributes = {
					926480A3285552B20022AC36 = {
						CreatedOnToolsVersion = 14.0;
					};
				};
			};
			buildConfigurationList = 9264809F285552B20022AC36 /* Build configuration list for PBXProject "TalkieWalkie" */;
			compatibilityVersion = "Xcode 14.0";
			developmentRegion = en;
			hasScannedForEncodings = 0;
			knownRegions = (
				en,
				Base,
			);
			mainGroup = 9264809B285552B20022AC36;
			productRefGroup = 926480A5285552B20022AC36 /* Products */;
			projectDirPath = "";
			projectRoot = "";
			targets = (
				926480A3285552B20022AC36 /* TalkieWalkie */,
			);
		};
/* End PBXProject section */

/* Begin PBXResourcesBuildPhase section */
		926480A2285552B20022AC36 /* Resources */ = {
			isa = PBXResourcesBuildPhase;
			buildActionMask = 2147483647;
			files = (
				926480AF285552B30022AC36 /* Preview Assets.xcassets in Resources */,
				926480AC285552B30022AC36 /* Assets.xcassets in Resources */,
			);
			runOnlyForDeploymentPostprocessing = 0;
		};
/* End PBXResourcesBuildPhase section */

/* Begin PBXSourcesBuildPhase section */
		926480A0285552B20022AC36 /* Sources */ = {
			isa = PBXSourcesBuildPhase;
			buildActionMask = 2147483647;
			files = (
				926480C1285566900022AC36 /* Contact.swift in Sources */,
				926480BF285560AD0022AC36 /* SettingsView.swift in Sources */,
				926480C928559AB70022AC36 /* NameGroupView.swift in Sources */,
				926480BB285560980022AC36 /* ContactsView.swift in Sources */,
				926480AA285552B20022AC36 /* ContentView.swift in Sources */,
				926480BD285560A50022AC36 /* GroupsView.swift in Sources */,
				926480C5285582150022AC36 /* MicrophoneButtonView.swift in Sources */,
				926480C7285587FA0022AC36 /* AddGroupView.swift in Sources */,
				926480A8285552B20022AC36 /* TalkieWalkieApp.swift in Sources */,
			);
			runOnlyForDeploymentPostprocessing = 0;
		};
/* End PBXSourcesBuildPhase section */

/* Begin XCBuildConfiguration section */
		926480B0285552B30022AC36 /* Debug */ = {
			isa = XCBuildConfiguration;
			buildSettings = {
				ALWAYS_SEARCH_USER_PATHS = NO;
				CLANG_ANALYZER_NONNULL = YES;
				CLANG_ANALYZER_NUMBER_OBJECT_CONVERSION = YES_AGGRESSIVE;
				CLANG_CXX_LANGUAGE_STANDARD = "gnu++17";
				CLANG_ENABLE_MODULES = YES;
				CLANG_ENABLE_OBJC_ARC = YES;
				CLANG_ENABLE_OBJC_WEAK = YES;
				CLANG_WARN_BLOCK_CAPTURE_AUTORELEASING = YES;
				CLANG_WARN_BOOL_CONVERSION = YES;
				CLANG_WARN_COMMA = YES;
				CLANG_WARN_CONSTANT_CONVERSION = YES;
				CLANG_WARN_DEPRECATED_OBJC_IMPLEMENTATIONS = YES;
				CLANG_WARN_DIRECT_OBJC_ISA_USAGE = YES_ERROR;
				CLANG_WARN_DOCUMENTATION_COMMENTS = YES;
				CLANG_WARN_EMPTY_BODY = YES;
				CLANG_WARN_ENUM_CONVERSION = YES;
				CLANG_WARN_INFINITE_RECURSION = YES;
				CLANG_WARN_INT_CONVERSION = YES;
				CLANG_WARN_NON_LITERAL_NULL_CONVERSION = YES;
				CLANG_WARN_OBJC_IMPLICIT_RETAIN_SELF = YES;
				CLANG_WARN_OBJC_LITERAL_CONVERSION = YES;
				CLANG_WARN_OBJC_ROOT_CLASS = YES_ERROR;
				CLANG_WARN_QUOTED_INCLUDE_IN_FRAMEWORK_HEADER = YES;
				CLANG_WARN_RANGE_LOOP_ANALYSIS = YES;
				CLANG_WARN_STRICT_PROTOTYPES = YES;
				CLANG_WARN_SUSPICIOUS_MOVE = YES;
				CLANG_WARN_UNGUARDED_AVAILABILITY = YES_AGGRESSIVE;
				CLANG_WARN_UNREACHABLE_CODE = YES;
				CLANG_WARN__DUPLICATE_METHOD_MATCH = YES;
				COPY_PHASE_STRIP = NO;
				DEBUG_INFORMATION_FORMAT = dwarf;
				ENABLE_STRICT_OBJC_MSGSEND = YES;
				ENABLE_TESTABILITY = YES;
				GCC_C_LANGUAGE_STANDARD = gnu11;
				GCC_DYNAMIC_NO_PIC = NO;
				GCC_NO_COMMON_BLOCKS = YES;
				GCC_OPTIMIZATION_LEVEL = 0;
				GCC_PREPROCESSOR_DEFINITIONS = (
					"DEBUG=1",
					"$(inherited)",
				);
				GCC_WARN_64_TO_32_BIT_CONVERSION = YES;
				GCC_WARN_ABOUT_RETURN_TYPE = YES_ERROR;
				GCC_WARN_UNDECLARED_SELECTOR = YES;
				GCC_WARN_UNINITIALIZED_AUTOS = YES_AGGRESSIVE;
				GCC_WARN_UNUSED_FUNCTION = YES;
				GCC_WARN_UNUSED_VARIABLE = YES;
				IPHONEOS_DEPLOYMENT_TARGET = 16.0;
				MTL_ENABLE_DEBUG_INFO = INCLUDE_SOURCE;
				MTL_FAST_MATH = YES;
				ONLY_ACTIVE_ARCH = YES;
				SDKROOT = iphoneos;
				SWIFT_ACTIVE_COMPILATION_CONDITIONS = DEBUG;
				SWIFT_OPTIMIZATION_LEVEL = "-Onone";
			};
			name = Debug;
		};
		926480B1285552B30022AC36 /* Release */ = {
			isa = XCBuildConfiguration;
			buildSettings = {
				ALWAYS_SEARCH_USER_PATHS = NO;
				CLANG_ANALYZER_NONNULL = YES;
				CLANG_ANALYZER_NUMBER_OBJECT_CONVERSION = YES_AGGRESSIVE;
				CLANG_CXX_LANGUAGE_STANDARD = "gnu++17";
				CLANG_ENABLE_MODULES = YES;
				CLANG_ENABLE_OBJC_ARC = YES;
				CLANG_ENABLE_OBJC_WEAK = YES;
				CLANG_WARN_BLOCK_CAPTURE_AUTORELEASING = YES;
				CLANG_WARN_BOOL_CONVERSION = YES;
				CLANG_WARN_COMMA = YES;
				CLANG_WARN_CONSTANT_CONVERSION = YES;
				CLANG_WARN_DEPRECATED_OBJC_IMPLEMENTATIONS = YES;
				CLANG_WARN_DIRECT_OBJC_ISA_USAGE = YES_ERROR;
				CLANG_WARN_DOCUMENTATION_COMMENTS = YES;
				CLANG_WARN_EMPTY_BODY = YES;
				CLANG_WARN_ENUM_CONVERSION = YES;
				CLANG_WARN_INFINITE_RECURSION = YES;
				CLANG_WARN_INT_CONVERSION = YES;
				CLANG_WARN_NON_LITERAL_NULL_CONVERSION = YES;
				CLANG_WARN_OBJC_IMPLICIT_RETAIN_SELF = YES;
				CLANG_WARN_OBJC_LITERAL_CONVERSION = YES;
				CLANG_WARN_OBJC_ROOT_CLASS = YES_ERROR;
				CLANG_WARN_QUOTED_INCLUDE_IN_FRAMEWORK_HEADER = YES;
				CLANG_WARN_RANGE_LOOP_ANALYSIS = YES;
				CLANG_WARN_STRICT_PROTOTYPES = YES;
				CLANG_WARN_SUSPICIOUS_MOVE = YES;
				CLANG_WARN_UNGUARDED_AVAILABILITY = YES_AGGRESSIVE;
				CLANG_WARN_UNREACHABLE_CODE = YES;
				CLANG_WARN__DUPLICATE_METHOD_MATCH = YES;
				COPY_PHASE_STRIP = NO;
				DEBUG_INFORMATION_FORMAT = "dwarf-with-dsym";
				ENABLE_NS_ASSERTIONS = NO;
				ENABLE_STRICT_OBJC_MSGSEND = YES;
				GCC_C_LANGUAGE_STANDARD = gnu11;
				GCC_NO_COMMON_BLOCKS = YES;
				GCC_WARN_64_TO_32_BIT_CONVERSION = YES;
				GCC_WARN_ABOUT_RETURN_TYPE = YES_ERROR;
				GCC_WARN_UNDECLARED_SELECTOR = YES;
				GCC_WARN_UNINITIALIZED_AUTOS = YES_AGGRESSIVE;
				GCC_WARN_UNUSED_FUNCTION = YES;
				GCC_WARN_UNUSED_VARIABLE = YES;
				IPHONEOS_DEPLOYMENT_TARGET = 16.0;
				MTL_ENABLE_DEBUG_INFO = NO;
				MTL_FAST_MATH = YES;
				SDKROOT = iphoneos;
				SWIFT_COMPILATION_MODE = wholemodule;
				SWIFT_OPTIMIZATION_LEVEL = "-O";
				VALIDATE_PRODUCT = YES;
			};
			name = Release;
		};
		926480B3285552B30022AC36 /* Debug */ = {
			isa = XCBuildConfiguration;
			buildSettings = {
				ASSETCATALOG_COMPILER_APPICON_NAME = AppIcon;
				ASSETCATALOG_COMPILER_GLOBAL_ACCENT_COLOR_NAME = AccentColor;
				CODE_SIGN_ENTITLEMENTS = TalkieWalkie/TalkieWalkie.entitlements;
				CODE_SIGN_STYLE = Automatic;
				CURRENT_PROJECT_VERSION = 1;
				DEVELOPMENT_ASSET_PATHS = "\"TalkieWalkie/Preview Content\"";
				DEVELOPMENT_TEAM = "";
				ENABLE_PREVIEWS = YES;
				GENERATE_INFOPLIST_FILE = YES;
				INFOPLIST_FILE = TalkieWalkie/Info.plist;
				INFOPLIST_KEY_NSMicrophoneUsageDescription = "Needed to talk with your contacts";
				INFOPLIST_KEY_UIApplicationSceneManifest_Generation = YES;
				INFOPLIST_KEY_UIApplicationSupportsIndirectInputEvents = YES;
				INFOPLIST_KEY_UILaunchScreen_Generation = YES;
				INFOPLIST_KEY_UISupportedInterfaceOrientations_iPad = "UIInterfaceOrientationPortrait UIInterfaceOrientationPortraitUpsideDown UIInterfaceOrientationLandscapeLeft UIInterfaceOrientationLandscapeRight";
				INFOPLIST_KEY_UISupportedInterfaceOrientations_iPhone = "UIInterfaceOrientationPortrait UIInterfaceOrientationLandscapeLeft UIInterfaceOrientationLandscapeRight";
				LD_RUNPATH_SEARCH_PATHS = (
					"$(inherited)",
					"@executable_path/Frameworks",
				);
				MARKETING_VERSION = 1.0;
				PRODUCT_BUNDLE_IDENTIFIER = SDA.TalkieWalkie;
				PRODUCT_NAME = "$(TARGET_NAME)";
				SWIFT_EMIT_LOC_STRINGS = YES;
				SWIFT_VERSION = 5.0;
				TARGETED_DEVICE_FAMILY = "1,2";
			};
			name = Debug;
		};
		926480B4285552B30022AC36 /* Release */ = {
			isa = XCBuildConfiguration;
			buildSettings = {
				ASSETCATALOG_COMPILER_APPICON_NAME = AppIcon;
				ASSETCATALOG_COMPILER_GLOBAL_ACCENT_COLOR_NAME = AccentColor;
				CODE_SIGN_ENTITLEMENTS = TalkieWalkie/TalkieWalkie.entitlements;
				CODE_SIGN_STYLE = Automatic;
				CURRENT_PROJECT_VERSION = 1;
				DEVELOPMENT_ASSET_PATHS = "\"TalkieWalkie/Preview Content\"";
				DEVELOPMENT_TEAM = "";
				ENABLE_PREVIEWS = YES;
				GENERATE_INFOPLIST_FILE = YES;
				INFOPLIST_FILE = TalkieWalkie/Info.plist;
				INFOPLIST_KEY_NSMicrophoneUsageDescription = "Needed to talk with your contacts";
				INFOPLIST_KEY_UIApplicationSceneManifest_Generation = YES;
				INFOPLIST_KEY_UIApplicationSupportsIndirectInputEvents = YES;
				INFOPLIST_KEY_UILaunchScreen_Generation = YES;
				INFOPLIST_KEY_UISupportedInterfaceOrientations_iPad = "UIInterfaceOrientationPortrait UIInterfaceOrientationPortraitUpsideDown UIInterfaceOrientationLandscapeLeft UIInterfaceOrientationLandscapeRight";
				INFOPLIST_KEY_UISupportedInterfaceOrientations_iPhone = "UIInterfaceOrientationPortrait UIInterfaceOrientationLandscapeLeft UIInterfaceOrientationLandscapeRight";
				LD_RUNPATH_SEARCH_PATHS = (
					"$(inherited)",
					"@executable_path/Frameworks",
				);
				MARKETING_VERSION = 1.0;
				PRODUCT_BUNDLE_IDENTIFIER = SDA.TalkieWalkie;
				PRODUCT_NAME = "$(TARGET_NAME)";
				SWIFT_EMIT_LOC_STRINGS = YES;
				SWIFT_VERSION = 5.0;
				TARGETED_DEVICE_FAMILY = "1,2";
			};
			name = Release;
		};
/* End XCBuildConfiguration section */

/* Begin XCConfigurationList section */
		9264809F285552B20022AC36 /* Build configuration list for PBXProject "TalkieWalkie" */ = {
			isa = XCConfigurationList;
			buildConfigurations = (
				926480B0285552B30022AC36 /* Debug */,
				926480B1285552B30022AC36 /* Release */,
			);
			defaultConfigurationIsVisible = 0;
			defaultConfigurationName = Release;
		};
		926480B2285552B30022AC36 /* Build configuration list for PBXNativeTarget "TalkieWalkie" */ = {
			isa = XCConfigurationList;
			buildConfigurations = (
				926480B3285552B30022AC36 /* Debug */,
				926480B4285552B30022AC36 /* Release */,
			);
			defaultConfigurationIsVisible = 0;
			defaultConfigurationName = Release;
		};
/* End XCConfigurationList section */
	};
	rootObject = 9264809C285552B20022AC36 /* Project object */;
}
